PODS:
  - CocoaLumberjack (3.6.1):
    - CocoaLumberjack/Core (= 3.6.1)
  - CocoaLumberjack/Core (3.6.1)

DEPENDENCIES:
  - CocoaLumberjack

SPEC REPOS:
  trunk:
    - CocoaLumberjack

SPEC CHECKSUMS:
  CocoaLumberjack: b17ae15142558d08bbacf69775fa10c4abbebcc9

PODFILE CHECKSUM: 8e4266836be8a7a801780d64b06fda2bbc71dceb

COCOAPODS: 1.9.3
