PODS:
  - CocoaLumberjack (3.6.1):
    - CocoaLumberjack/Core (= 3.6.1)
  - CocoaLumberjack/Core (3.6.1)

DEPENDENCIES:
  - CocoaLumberjack

SPEC REPOS:
  trunk:
    - CocoaLumberjack

SPEC CHECKSUMS:
  CocoaLumberjack: b17ae15142558d08bbacf69775fa10c4abbebcc9

PODFILE CHECKSUM: a22817ba9fdad2c9ae4dd10cb4a4c7578d32293e

COCOAPODS: 1.9.3
