// !$*UTF8*$!
{
	archiveVersion = 1;
	classes = {
	};
	objectVersion = 51;
	objects = {

/* Begin PBXBuildFile section */
		0C889BB35DD90953B0D1F5F9 /* Pods_EmbeddedFrameworkTests.framework in Frameworks */ = {isa = PBXBuildFile; fileRef = 1DBC6ED8BA21948734FD855E /* Pods_EmbeddedFrameworkTests.framework */; };
		8AADCB9733393AD35C3D75D3 /* Pods_EmbeddedFramework_Logger.framework in Frameworks */ = {isa = PBXBuildFile; fileRef = 6ADCA5556E4D13E57E335248 /* Pods_EmbeddedFramework_Logger.framework */; };
		9D35F95624AE1E8400ED3B79 /* AppDelegate.m in Sources */ = {isa = PBXBuildFile; fileRef = 9D35F95524AE1E8400ED3B79 /* AppDelegate.m */; };
		9D35F95924AE1E8400ED3B79 /* SceneDelegate.m in Sources */ = {isa = PBXBuildFile; fileRef = 9D35F95824AE1E8400ED3B79 /* SceneDelegate.m */; };
		9D35F95F24AE1E8400ED3B79 /* Main.storyboard in Resources */ = {isa = PBXBuildFile; fileRef = 9D35F95D24AE1E8400ED3B79 /* Main.storyboard */; };
		9D35F96124AE1E8500ED3B79 /* Assets.xcassets in Resources */ = {isa = PBXBuildFile; fileRef = 9D35F96024AE1E8500ED3B79 /* Assets.xcassets */; };
		9D35F96424AE1E8500ED3B79 /* LaunchScreen.storyboard in Resources */ = {isa = PBXBuildFile; fileRef = 9D35F96224AE1E8500ED3B79 /* LaunchScreen.storyboard */; };
		9D35F96724AE1E8500ED3B79 /* main.m in Sources */ = {isa = PBXBuildFile; fileRef = 9D35F96624AE1E8500ED3B79 /* main.m */; };
		9D35F97124AE1E8600ED3B79 /* EmbeddedFrameworkTests.m in Sources */ = {isa = PBXBuildFile; fileRef = 9D35F97024AE1E8600ED3B79 /* EmbeddedFrameworkTests.m */; };
		9D35F97C24AE1E8600ED3B79 /* EmbeddedFrameworkUITests.m in Sources */ = {isa = PBXBuildFile; fileRef = 9D35F97B24AE1E8600ED3B79 /* EmbeddedFrameworkUITests.m */; };
		9D3C04D024AE20880004A27E /* ViewController.m in Sources */ = {isa = PBXBuildFile; fileRef = 9D3C04CF24AE20880004A27E /* ViewController.m */; };
		9D3C04E024AE22690004A27E /* Logger.framework in Frameworks */ = {isa = PBXBuildFile; fileRef = 9D3C04D724AE22690004A27E /* Logger.framework */; };
		9D3C04E724AE22690004A27E /* LoggerTests.m in Sources */ = {isa = PBXBuildFile; fileRef = 9D3C04E624AE22690004A27E /* LoggerTests.m */; };
		9D3C04E924AE22690004A27E /* Logger.h in Headers */ = {isa = PBXBuildFile; fileRef = 9D3C04D924AE22690004A27E /* Logger.h */; settings = {ATTRIBUTES = (Public, ); }; };
		9D3C04EC24AE22690004A27E /* Logger.framework in Frameworks */ = {isa = PBXBuildFile; fileRef = 9D3C04D724AE22690004A27E /* Logger.framework */; };
		9D3C04ED24AE22690004A27E /* Logger.framework in Embed Frameworks */ = {isa = PBXBuildFile; fileRef = 9D3C04D724AE22690004A27E /* Logger.framework */; settings = {ATTRIBUTES = (CodeSignOnCopy, RemoveHeadersOnCopy, ); }; };
		9D3C04F824AE22AD0004A27E /* LoggerSample.m in Sources */ = {isa = PBXBuildFile; fileRef = 9D3C04F624AE22A90004A27E /* LoggerSample.m */; };
		9D3C04F924AE22B30004A27E /* LoggerSample.h in Headers */ = {isa = PBXBuildFile; fileRef = 9D3C04F524AE22A90004A27E /* LoggerSample.h */; settings = {ATTRIBUTES = (Public, ); }; };
		9D3C04FC24AE24CE0004A27E /* LoggerSample2.swift in Sources */ = {isa = PBXBuildFile; fileRef = 9D3C04FA24AE23E60004A27E /* LoggerSample2.swift */; };
		A630F92073580EC2F20FE711 /* Pods_EmbeddedFramework_EmbeddedFrameworkUITests.framework in Frameworks */ = {isa = PBXBuildFile; fileRef = 4E28A65F36FAA927F976DA46 /* Pods_EmbeddedFramework_EmbeddedFrameworkUITests.framework */; };
		C54618A542196607B82C5A21 /* Pods_EmbeddedFramework.framework in Frameworks */ = {isa = PBXBuildFile; fileRef = FDB496F530C0F4448238EBFB /* Pods_EmbeddedFramework.framework */; };
/* End PBXBuildFile section */

/* Begin PBXContainerItemProxy section */
		9D35F96D24AE1E8600ED3B79 /* PBXContainerItemProxy */ = {
			isa = PBXContainerItemProxy;
			containerPortal = 9D35F94924AE1E8400ED3B79 /* Project object */;
			proxyType = 1;
			remoteGlobalIDString = 9D35F95024AE1E8400ED3B79;
			remoteInfo = EmbeddedFramework;
		};
		9D35F97824AE1E8600ED3B79 /* PBXContainerItemProxy */ = {
			isa = PBXContainerItemProxy;
			containerPortal = 9D35F94924AE1E8400ED3B79 /* Project object */;
			proxyType = 1;
			remoteGlobalIDString = 9D35F95024AE1E8400ED3B79;
			remoteInfo = EmbeddedFramework;
		};
		9D3C04E124AE22690004A27E /* PBXContainerItemProxy */ = {
			isa = PBXContainerItemProxy;
			containerPortal = 9D35F94924AE1E8400ED3B79 /* Project object */;
			proxyType = 1;
			remoteGlobalIDString = 9D3C04D624AE22690004A27E;
			remoteInfo = Logger;
		};
		9D3C04E324AE22690004A27E /* PBXContainerItemProxy */ = {
			isa = PBXContainerItemProxy;
			containerPortal = 9D35F94924AE1E8400ED3B79 /* Project object */;
			proxyType = 1;
			remoteGlobalIDString = 9D35F95024AE1E8400ED3B79;
			remoteInfo = EmbeddedFramework;
		};
		9D3C04EA24AE22690004A27E /* PBXContainerItemProxy */ = {
			isa = PBXContainerItemProxy;
			containerPortal = 9D35F94924AE1E8400ED3B79 /* Project object */;
			proxyType = 1;
			remoteGlobalIDString = 9D3C04D624AE22690004A27E;
			remoteInfo = Logger;
		};
/* End PBXContainerItemProxy section */

/* Begin PBXCopyFilesBuildPhase section */
		9D3C04F124AE22690004A27E /* Embed Frameworks */ = {
			isa = PBXCopyFilesBuildPhase;
			buildActionMask = 2147483647;
			dstPath = "";
			dstSubfolderSpec = 10;
			files = (
				9D3C04ED24AE22690004A27E /* Logger.framework in Embed Frameworks */,
			);
			name = "Embed Frameworks";
			runOnlyForDeploymentPostprocessing = 0;
		};
/* End PBXCopyFilesBuildPhase section */

/* Begin PBXFileReference section */
		0ADD148AD53F8B1C904DA2FA /* Pods-EmbeddedFramework-EmbeddedFrameworkUITests.release.xcconfig */ = {isa = PBXFileReference; includeInIndex = 1; lastKnownFileType = text.xcconfig; name = "Pods-EmbeddedFramework-EmbeddedFrameworkUITests.release.xcconfig"; path = "Target Support Files/Pods-EmbeddedFramework-EmbeddedFrameworkUITests/Pods-EmbeddedFramework-EmbeddedFrameworkUITests.release.xcconfig"; sourceTree = "<group>"; };
		14351F4650778D1A07B8488B /* Pods-EmbeddedFramework-Logger.debug.xcconfig */ = {isa = PBXFileReference; includeInIndex = 1; lastKnownFileType = text.xcconfig; name = "Pods-EmbeddedFramework-Logger.debug.xcconfig"; path = "Target Support Files/Pods-EmbeddedFramework-Logger/Pods-EmbeddedFramework-Logger.debug.xcconfig"; sourceTree = "<group>"; };
		1A2089FDF29C878ED2B0AD10 /* Pods-EmbeddedFramework-EmbeddedFrameworkUITests.debug.xcconfig */ = {isa = PBXFileReference; includeInIndex = 1; lastKnownFileType = text.xcconfig; name = "Pods-EmbeddedFramework-EmbeddedFrameworkUITests.debug.xcconfig"; path = "Target Support Files/Pods-EmbeddedFramework-EmbeddedFrameworkUITests/Pods-EmbeddedFramework-EmbeddedFrameworkUITests.debug.xcconfig"; sourceTree = "<group>"; };
		1DBC6ED8BA21948734FD855E /* Pods_EmbeddedFrameworkTests.framework */ = {isa = PBXFileReference; explicitFileType = wrapper.framework; includeInIndex = 0; path = Pods_EmbeddedFrameworkTests.framework; sourceTree = BUILT_PRODUCTS_DIR; };
		4D945549D1531F08320D11FE /* Pods-EmbeddedFramework.release.xcconfig */ = {isa = PBXFileReference; includeInIndex = 1; lastKnownFileType = text.xcconfig; name = "Pods-EmbeddedFramework.release.xcconfig"; path = "Target Support Files/Pods-EmbeddedFramework/Pods-EmbeddedFramework.release.xcconfig"; sourceTree = "<group>"; };
		4E28A65F36FAA927F976DA46 /* Pods_EmbeddedFramework_EmbeddedFrameworkUITests.framework */ = {isa = PBXFileReference; explicitFileType = wrapper.framework; includeInIndex = 0; path = Pods_EmbeddedFramework_EmbeddedFrameworkUITests.framework; sourceTree = BUILT_PRODUCTS_DIR; };
		4F5EC26BF7CAFE6BC3BE1CC7 /* Pods-EmbeddedFrameworkTests.debug.xcconfig */ = {isa = PBXFileReference; includeInIndex = 1; lastKnownFileType = text.xcconfig; name = "Pods-EmbeddedFrameworkTests.debug.xcconfig"; path = "Target Support Files/Pods-EmbeddedFrameworkTests/Pods-EmbeddedFrameworkTests.debug.xcconfig"; sourceTree = "<group>"; };
		6ADCA5556E4D13E57E335248 /* Pods_EmbeddedFramework_Logger.framework */ = {isa = PBXFileReference; explicitFileType = wrapper.framework; includeInIndex = 0; path = Pods_EmbeddedFramework_Logger.framework; sourceTree = BUILT_PRODUCTS_DIR; };
		8B3E3789E60617E32653E8C7 /* Pods-EmbeddedFramework.debug.xcconfig */ = {isa = PBXFileReference; includeInIndex = 1; lastKnownFileType = text.xcconfig; name = "Pods-EmbeddedFramework.debug.xcconfig"; path = "Target Support Files/Pods-EmbeddedFramework/Pods-EmbeddedFramework.debug.xcconfig"; sourceTree = "<group>"; };
		9D35F95124AE1E8400ED3B79 /* EmbeddedFramework.app */ = {isa = PBXFileReference; explicitFileType = wrapper.application; includeInIndex = 0; path = EmbeddedFramework.app; sourceTree = BUILT_PRODUCTS_DIR; };
		9D35F95424AE1E8400ED3B79 /* AppDelegate.h */ = {isa = PBXFileReference; lastKnownFileType = sourcecode.c.h; path = AppDelegate.h; sourceTree = "<group>"; };
		9D35F95524AE1E8400ED3B79 /* AppDelegate.m */ = {isa = PBXFileReference; lastKnownFileType = sourcecode.c.objc; path = AppDelegate.m; sourceTree = "<group>"; };
		9D35F95724AE1E8400ED3B79 /* SceneDelegate.h */ = {isa = PBXFileReference; lastKnownFileType = sourcecode.c.h; path = SceneDelegate.h; sourceTree = "<group>"; };
		9D35F95824AE1E8400ED3B79 /* SceneDelegate.m */ = {isa = PBXFileReference; lastKnownFileType = sourcecode.c.objc; path = SceneDelegate.m; sourceTree = "<group>"; };
		9D35F95E24AE1E8400ED3B79 /* Base */ = {isa = PBXFileReference; lastKnownFileType = file.storyboard; name = Base; path = Base.lproj/Main.storyboard; sourceTree = "<group>"; };
		9D35F96024AE1E8500ED3B79 /* Assets.xcassets */ = {isa = PBXFileReference; lastKnownFileType = folder.assetcatalog; path = Assets.xcassets; sourceTree = "<group>"; };
		9D35F96324AE1E8500ED3B79 /* Base */ = {isa = PBXFileReference; lastKnownFileType = file.storyboard; name = Base; path = Base.lproj/LaunchScreen.storyboard; sourceTree = "<group>"; };
		9D35F96524AE1E8500ED3B79 /* Info.plist */ = {isa = PBXFileReference; lastKnownFileType = text.plist.xml; path = Info.plist; sourceTree = "<group>"; };
		9D35F96624AE1E8500ED3B79 /* main.m */ = {isa = PBXFileReference; lastKnownFileType = sourcecode.c.objc; path = main.m; sourceTree = "<group>"; };
		9D35F96C24AE1E8600ED3B79 /* EmbeddedFrameworkTests.xctest */ = {isa = PBXFileReference; explicitFileType = wrapper.cfbundle; includeInIndex = 0; path = EmbeddedFrameworkTests.xctest; sourceTree = BUILT_PRODUCTS_DIR; };
		9D35F97024AE1E8600ED3B79 /* EmbeddedFrameworkTests.m */ = {isa = PBXFileReference; lastKnownFileType = sourcecode.c.objc; path = EmbeddedFrameworkTests.m; sourceTree = "<group>"; };
		9D35F97224AE1E8600ED3B79 /* Info.plist */ = {isa = PBXFileReference; lastKnownFileType = text.plist.xml; path = Info.plist; sourceTree = "<group>"; };
		9D35F97724AE1E8600ED3B79 /* EmbeddedFrameworkUITests.xctest */ = {isa = PBXFileReference; explicitFileType = wrapper.cfbundle; includeInIndex = 0; path = EmbeddedFrameworkUITests.xctest; sourceTree = BUILT_PRODUCTS_DIR; };
		9D35F97B24AE1E8600ED3B79 /* EmbeddedFrameworkUITests.m */ = {isa = PBXFileReference; lastKnownFileType = sourcecode.c.objc; path = EmbeddedFrameworkUITests.m; sourceTree = "<group>"; };
		9D35F97D24AE1E8600ED3B79 /* Info.plist */ = {isa = PBXFileReference; lastKnownFileType = text.plist.xml; path = Info.plist; sourceTree = "<group>"; };
		9D3C04CE24AE20880004A27E /* ViewController.h */ = {isa = PBXFileReference; lastKnownFileType = sourcecode.c.h; path = ViewController.h; sourceTree = "<group>"; };
		9D3C04CF24AE20880004A27E /* ViewController.m */ = {isa = PBXFileReference; lastKnownFileType = sourcecode.c.objc; path = ViewController.m; sourceTree = "<group>"; };
		9D3C04D724AE22690004A27E /* Logger.framework */ = {isa = PBXFileReference; explicitFileType = wrapper.framework; includeInIndex = 0; path = Logger.framework; sourceTree = BUILT_PRODUCTS_DIR; };
		9D3C04D924AE22690004A27E /* Logger.h */ = {isa = PBXFileReference; lastKnownFileType = sourcecode.c.h; path = Logger.h; sourceTree = "<group>"; };
		9D3C04DA24AE22690004A27E /* Info.plist */ = {isa = PBXFileReference; lastKnownFileType = text.plist.xml; path = Info.plist; sourceTree = "<group>"; };
		9D3C04DF24AE22690004A27E /* LoggerTests.xctest */ = {isa = PBXFileReference; explicitFileType = wrapper.cfbundle; includeInIndex = 0; path = LoggerTests.xctest; sourceTree = BUILT_PRODUCTS_DIR; };
		9D3C04E624AE22690004A27E /* LoggerTests.m */ = {isa = PBXFileReference; lastKnownFileType = sourcecode.c.objc; path = LoggerTests.m; sourceTree = "<group>"; };
		9D3C04E824AE22690004A27E /* Info.plist */ = {isa = PBXFileReference; lastKnownFileType = text.plist.xml; path = Info.plist; sourceTree = "<group>"; };
		9D3C04F524AE22A90004A27E /* LoggerSample.h */ = {isa = PBXFileReference; lastKnownFileType = sourcecode.c.h; path = LoggerSample.h; sourceTree = "<group>"; };
		9D3C04F624AE22A90004A27E /* LoggerSample.m */ = {isa = PBXFileReference; lastKnownFileType = sourcecode.c.objc; path = LoggerSample.m; sourceTree = "<group>"; };
		9D3C04FA24AE23E60004A27E /* LoggerSample2.swift */ = {isa = PBXFileReference; lastKnownFileType = sourcecode.swift; path = LoggerSample2.swift; sourceTree = "<group>"; };
		B55EAEAC80D9A45B0B55292C /* Pods-EmbeddedFrameworkTests.release.xcconfig */ = {isa = PBXFileReference; includeInIndex = 1; lastKnownFileType = text.xcconfig; name = "Pods-EmbeddedFrameworkTests.release.xcconfig"; path = "Target Support Files/Pods-EmbeddedFrameworkTests/Pods-EmbeddedFrameworkTests.release.xcconfig"; sourceTree = "<group>"; };
		FDB496F530C0F4448238EBFB /* Pods_EmbeddedFramework.framework */ = {isa = PBXFileReference; explicitFileType = wrapper.framework; includeInIndex = 0; path = Pods_EmbeddedFramework.framework; sourceTree = BUILT_PRODUCTS_DIR; };
		FF5BDC0AA3F200B44DBE1436 /* Pods-EmbeddedFramework-Logger.release.xcconfig */ = {isa = PBXFileReference; includeInIndex = 1; lastKnownFileType = text.xcconfig; name = "Pods-EmbeddedFramework-Logger.release.xcconfig"; path = "Target Support Files/Pods-EmbeddedFramework-Logger/Pods-EmbeddedFramework-Logger.release.xcconfig"; sourceTree = "<group>"; };
/* End PBXFileReference section */

/* Begin PBXFrameworksBuildPhase section */
		9D35F94E24AE1E8400ED3B79 /* Frameworks */ = {
			isa = PBXFrameworksBuildPhase;
			buildActionMask = 2147483647;
			files = (
				9D3C04EC24AE22690004A27E /* Logger.framework in Frameworks */,
				C54618A542196607B82C5A21 /* Pods_EmbeddedFramework.framework in Frameworks */,
			);
			runOnlyForDeploymentPostprocessing = 0;
		};
		9D35F96924AE1E8600ED3B79 /* Frameworks */ = {
			isa = PBXFrameworksBuildPhase;
			buildActionMask = 2147483647;
			files = (
				0C889BB35DD90953B0D1F5F9 /* Pods_EmbeddedFrameworkTests.framework in Frameworks */,
			);
			runOnlyForDeploymentPostprocessing = 0;
		};
		9D35F97424AE1E8600ED3B79 /* Frameworks */ = {
			isa = PBXFrameworksBuildPhase;
			buildActionMask = 2147483647;
			files = (
				A630F92073580EC2F20FE711 /* Pods_EmbeddedFramework_EmbeddedFrameworkUITests.framework in Frameworks */,
			);
			runOnlyForDeploymentPostprocessing = 0;
		};
		9D3C04D424AE22690004A27E /* Frameworks */ = {
			isa = PBXFrameworksBuildPhase;
			buildActionMask = 2147483647;
			files = (
				8AADCB9733393AD35C3D75D3 /* Pods_EmbeddedFramework_Logger.framework in Frameworks */,
			);
			runOnlyForDeploymentPostprocessing = 0;
		};
		9D3C04DC24AE22690004A27E /* Frameworks */ = {
			isa = PBXFrameworksBuildPhase;
			buildActionMask = 2147483647;
			files = (
				9D3C04E024AE22690004A27E /* Logger.framework in Frameworks */,
			);
			runOnlyForDeploymentPostprocessing = 0;
		};
/* End PBXFrameworksBuildPhase section */

/* Begin PBXGroup section */
		451BFF4A4A005780C6A64C81 /* Frameworks */ = {
			isa = PBXGroup;
			children = (
				FDB496F530C0F4448238EBFB /* Pods_EmbeddedFramework.framework */,
				4E28A65F36FAA927F976DA46 /* Pods_EmbeddedFramework_EmbeddedFrameworkUITests.framework */,
				1DBC6ED8BA21948734FD855E /* Pods_EmbeddedFrameworkTests.framework */,
				6ADCA5556E4D13E57E335248 /* Pods_EmbeddedFramework_Logger.framework */,
			);
			name = Frameworks;
			sourceTree = "<group>";
		};
		72FA59AC44358DF9637DC6F0 /* Pods */ = {
			isa = PBXGroup;
			children = (
				8B3E3789E60617E32653E8C7 /* Pods-EmbeddedFramework.debug.xcconfig */,
				4D945549D1531F08320D11FE /* Pods-EmbeddedFramework.release.xcconfig */,
				1A2089FDF29C878ED2B0AD10 /* Pods-EmbeddedFramework-EmbeddedFrameworkUITests.debug.xcconfig */,
				0ADD148AD53F8B1C904DA2FA /* Pods-EmbeddedFramework-EmbeddedFrameworkUITests.release.xcconfig */,
				4F5EC26BF7CAFE6BC3BE1CC7 /* Pods-EmbeddedFrameworkTests.debug.xcconfig */,
				B55EAEAC80D9A45B0B55292C /* Pods-EmbeddedFrameworkTests.release.xcconfig */,
				14351F4650778D1A07B8488B /* Pods-EmbeddedFramework-Logger.debug.xcconfig */,
				FF5BDC0AA3F200B44DBE1436 /* Pods-EmbeddedFramework-Logger.release.xcconfig */,
			);
			path = Pods;
			sourceTree = "<group>";
		};
		9D35F94824AE1E8400ED3B79 = {
			isa = PBXGroup;
			children = (
				9D35F95324AE1E8400ED3B79 /* EmbeddedFramework */,
				9D35F96F24AE1E8600ED3B79 /* EmbeddedFrameworkTests */,
				9D35F97A24AE1E8600ED3B79 /* EmbeddedFrameworkUITests */,
				9D3C04D824AE22690004A27E /* Logger */,
				9D3C04E524AE22690004A27E /* LoggerTests */,
				9D35F95224AE1E8400ED3B79 /* Products */,
				72FA59AC44358DF9637DC6F0 /* Pods */,
				451BFF4A4A005780C6A64C81 /* Frameworks */,
			);
			sourceTree = "<group>";
		};
		9D35F95224AE1E8400ED3B79 /* Products */ = {
			isa = PBXGroup;
			children = (
				9D35F95124AE1E8400ED3B79 /* EmbeddedFramework.app */,
				9D35F96C24AE1E8600ED3B79 /* EmbeddedFrameworkTests.xctest */,
				9D35F97724AE1E8600ED3B79 /* EmbeddedFrameworkUITests.xctest */,
				9D3C04D724AE22690004A27E /* Logger.framework */,
				9D3C04DF24AE22690004A27E /* LoggerTests.xctest */,
			);
			name = Products;
			sourceTree = "<group>";
		};
		9D35F95324AE1E8400ED3B79 /* EmbeddedFramework */ = {
			isa = PBXGroup;
			children = (
				9D35F95424AE1E8400ED3B79 /* AppDelegate.h */,
				9D35F95524AE1E8400ED3B79 /* AppDelegate.m */,
				9D35F95724AE1E8400ED3B79 /* SceneDelegate.h */,
				9D35F95824AE1E8400ED3B79 /* SceneDelegate.m */,
				9D3C04CE24AE20880004A27E /* ViewController.h */,
				9D3C04CF24AE20880004A27E /* ViewController.m */,
				9D35F95D24AE1E8400ED3B79 /* Main.storyboard */,
				9D35F96024AE1E8500ED3B79 /* Assets.xcassets */,
				9D35F96224AE1E8500ED3B79 /* LaunchScreen.storyboard */,
				9D35F96524AE1E8500ED3B79 /* Info.plist */,
				9D35F96624AE1E8500ED3B79 /* main.m */,
			);
			path = EmbeddedFramework;
			sourceTree = "<group>";
		};
		9D35F96F24AE1E8600ED3B79 /* EmbeddedFrameworkTests */ = {
			isa = PBXGroup;
			children = (
				9D35F97024AE1E8600ED3B79 /* EmbeddedFrameworkTests.m */,
				9D35F97224AE1E8600ED3B79 /* Info.plist */,
			);
			path = EmbeddedFrameworkTests;
			sourceTree = "<group>";
		};
		9D35F97A24AE1E8600ED3B79 /* EmbeddedFrameworkUITests */ = {
			isa = PBXGroup;
			children = (
				9D35F97B24AE1E8600ED3B79 /* EmbeddedFrameworkUITests.m */,
				9D35F97D24AE1E8600ED3B79 /* Info.plist */,
			);
			path = EmbeddedFrameworkUITests;
			sourceTree = "<group>";
		};
		9D3C04D824AE22690004A27E /* Logger */ = {
			isa = PBXGroup;
			children = (
				9D3C04F524AE22A90004A27E /* LoggerSample.h */,
				9D3C04F624AE22A90004A27E /* LoggerSample.m */,
				9D3C04FA24AE23E60004A27E /* LoggerSample2.swift */,
				9D3C04D924AE22690004A27E /* Logger.h */,
				9D3C04DA24AE22690004A27E /* Info.plist */,
			);
			path = Logger;
			sourceTree = "<group>";
		};
		9D3C04E524AE22690004A27E /* LoggerTests */ = {
			isa = PBXGroup;
			children = (
				9D3C04E624AE22690004A27E /* LoggerTests.m */,
				9D3C04E824AE22690004A27E /* Info.plist */,
			);
			path = LoggerTests;
			sourceTree = "<group>";
		};
/* End PBXGroup section */

/* Begin PBXHeadersBuildPhase section */
		9D3C04D224AE22690004A27E /* Headers */ = {
			isa = PBXHeadersBuildPhase;
			buildActionMask = 2147483647;
			files = (
				9D3C04F924AE22B30004A27E /* LoggerSample.h in Headers */,
				9D3C04E924AE22690004A27E /* Logger.h in Headers */,
			);
			runOnlyForDeploymentPostprocessing = 0;
		};
/* End PBXHeadersBuildPhase section */

/* Begin PBXNativeTarget section */
		9D35F95024AE1E8400ED3B79 /* EmbeddedFramework */ = {
			isa = PBXNativeTarget;
			buildConfigurationList = 9D35F98024AE1E8600ED3B79 /* Build configuration list for PBXNativeTarget "EmbeddedFramework" */;
			buildPhases = (
				6104CA3E7B96EB658DC7C88E /* [CP] Check Pods Manifest.lock */,
				9D35F94D24AE1E8400ED3B79 /* Sources */,
				9D35F94E24AE1E8400ED3B79 /* Frameworks */,
				9D35F94F24AE1E8400ED3B79 /* Resources */,
				1A5F0A6FADF5AB2BFD95844A /* [CP] Embed Pods Frameworks */,
				9D3C04F124AE22690004A27E /* Embed Frameworks */,
			);
			buildRules = (
			);
			dependencies = (
				9D3C04EB24AE22690004A27E /* PBXTargetDependency */,
			);
			name = EmbeddedFramework;
			productName = EmbeddedFramework;
			productReference = 9D35F95124AE1E8400ED3B79 /* EmbeddedFramework.app */;
			productType = "com.apple.product-type.application";
		};
		9D35F96B24AE1E8600ED3B79 /* EmbeddedFrameworkTests */ = {
			isa = PBXNativeTarget;
			buildConfigurationList = 9D35F98324AE1E8600ED3B79 /* Build configuration list for PBXNativeTarget "EmbeddedFrameworkTests" */;
			buildPhases = (
				FB77BE419835214AB841F511 /* [CP] Check Pods Manifest.lock */,
				9D35F96824AE1E8600ED3B79 /* Sources */,
				9D35F96924AE1E8600ED3B79 /* Frameworks */,
				9D35F96A24AE1E8600ED3B79 /* Resources */,
			);
			buildRules = (
			);
			dependencies = (
				9D35F96E24AE1E8600ED3B79 /* PBXTargetDependency */,
			);
			name = EmbeddedFrameworkTests;
			productName = EmbeddedFrameworkTests;
			productReference = 9D35F96C24AE1E8600ED3B79 /* EmbeddedFrameworkTests.xctest */;
			productType = "com.apple.product-type.bundle.unit-test";
		};
		9D35F97624AE1E8600ED3B79 /* EmbeddedFrameworkUITests */ = {
			isa = PBXNativeTarget;
			buildConfigurationList = 9D35F98624AE1E8600ED3B79 /* Build configuration list for PBXNativeTarget "EmbeddedFrameworkUITests" */;
			buildPhases = (
				E0B226B20BC5CCAAC0B85967 /* [CP] Check Pods Manifest.lock */,
				9D35F97324AE1E8600ED3B79 /* Sources */,
				9D35F97424AE1E8600ED3B79 /* Frameworks */,
				9D35F97524AE1E8600ED3B79 /* Resources */,
				7DB9460F6B3A18E652F0D479 /* [CP] Embed Pods Frameworks */,
			);
			buildRules = (
			);
			dependencies = (
				9D35F97924AE1E8600ED3B79 /* PBXTargetDependency */,
			);
			name = EmbeddedFrameworkUITests;
			productName = EmbeddedFrameworkUITests;
			productReference = 9D35F97724AE1E8600ED3B79 /* EmbeddedFrameworkUITests.xctest */;
			productType = "com.apple.product-type.bundle.ui-testing";
		};
		9D3C04D624AE22690004A27E /* Logger */ = {
			isa = PBXNativeTarget;
			buildConfigurationList = 9D3C04EE24AE22690004A27E /* Build configuration list for PBXNativeTarget "Logger" */;
			buildPhases = (
				63C03DAC8FF4998907E586BC /* [CP] Check Pods Manifest.lock */,
				9D3C04D224AE22690004A27E /* Headers */,
				9D3C04D324AE22690004A27E /* Sources */,
				9D3C04D424AE22690004A27E /* Frameworks */,
				9D3C04D524AE22690004A27E /* Resources */,
			);
			buildRules = (
			);
			dependencies = (
			);
			name = Logger;
			productName = Logger;
			productReference = 9D3C04D724AE22690004A27E /* Logger.framework */;
			productType = "com.apple.product-type.framework";
		};
		9D3C04DE24AE22690004A27E /* LoggerTests */ = {
			isa = PBXNativeTarget;
			buildConfigurationList = 9D3C04F224AE22690004A27E /* Build configuration list for PBXNativeTarget "LoggerTests" */;
			buildPhases = (
				9D3C04DB24AE22690004A27E /* Sources */,
				9D3C04DC24AE22690004A27E /* Frameworks */,
				9D3C04DD24AE22690004A27E /* Resources */,
			);
			buildRules = (
			);
			dependencies = (
				9D3C04E224AE22690004A27E /* PBXTargetDependency */,
				9D3C04E424AE22690004A27E /* PBXTargetDependency */,
			);
			name = LoggerTests;
			productName = LoggerTests;
			productReference = 9D3C04DF24AE22690004A27E /* LoggerTests.xctest */;
			productType = "com.apple.product-type.bundle.unit-test";
		};
/* End PBXNativeTarget section */

/* Begin PBXProject section */
		9D35F94924AE1E8400ED3B79 /* Project object */ = {
			isa = PBXProject;
			attributes = {
				LastUpgradeCheck = 1140;
				ORGANIZATIONNAME = valmet;
				TargetAttributes = {
					9D35F95024AE1E8400ED3B79 = {
						CreatedOnToolsVersion = 11.4.1;
					};
					9D35F96B24AE1E8600ED3B79 = {
						CreatedOnToolsVersion = 11.4.1;
						TestTargetID = 9D35F95024AE1E8400ED3B79;
					};
					9D35F97624AE1E8600ED3B79 = {
						CreatedOnToolsVersion = 11.4.1;
						TestTargetID = 9D35F95024AE1E8400ED3B79;
					};
					9D3C04D624AE22690004A27E = {
						CreatedOnToolsVersion = 11.4.1;
						LastSwiftMigration = 1140;
					};
					9D3C04DE24AE22690004A27E = {
						CreatedOnToolsVersion = 11.4.1;
						TestTargetID = 9D35F95024AE1E8400ED3B79;
					};
				};
			};
			buildConfigurationList = 9D35F94C24AE1E8400ED3B79 /* Build configuration list for PBXProject "EmbeddedFramework" */;
			compatibilityVersion = "Xcode 9.3";
			developmentRegion = en;
			hasScannedForEncodings = 0;
			knownRegions = (
				en,
				Base,
			);
			mainGroup = 9D35F94824AE1E8400ED3B79;
			productRefGroup = 9D35F95224AE1E8400ED3B79 /* Products */;
			projectDirPath = "";
			projectRoot = "";
			targets = (
				9D35F95024AE1E8400ED3B79 /* EmbeddedFramework */,
				9D35F96B24AE1E8600ED3B79 /* EmbeddedFrameworkTests */,
				9D35F97624AE1E8600ED3B79 /* EmbeddedFrameworkUITests */,
				9D3C04D624AE22690004A27E /* Logger */,
				9D3C04DE24AE22690004A27E /* LoggerTests */,
			);
		};
/* End PBXProject section */

/* Begin PBXResourcesBuildPhase section */
		9D35F94F24AE1E8400ED3B79 /* Resources */ = {
			isa = PBXResourcesBuildPhase;
			buildActionMask = 2147483647;
			files = (
				9D35F96424AE1E8500ED3B79 /* LaunchScreen.storyboard in Resources */,
				9D35F96124AE1E8500ED3B79 /* Assets.xcassets in Resources */,
				9D35F95F24AE1E8400ED3B79 /* Main.storyboard in Resources */,
			);
			runOnlyForDeploymentPostprocessing = 0;
		};
		9D35F96A24AE1E8600ED3B79 /* Resources */ = {
			isa = PBXResourcesBuildPhase;
			buildActionMask = 2147483647;
			files = (
			);
			runOnlyForDeploymentPostprocessing = 0;
		};
		9D35F97524AE1E8600ED3B79 /* Resources */ = {
			isa = PBXResourcesBuildPhase;
			buildActionMask = 2147483647;
			files = (
			);
			runOnlyForDeploymentPostprocessing = 0;
		};
		9D3C04D524AE22690004A27E /* Resources */ = {
			isa = PBXResourcesBuildPhase;
			buildActionMask = 2147483647;
			files = (
			);
			runOnlyForDeploymentPostprocessing = 0;
		};
		9D3C04DD24AE22690004A27E /* Resources */ = {
			isa = PBXResourcesBuildPhase;
			buildActionMask = 2147483647;
			files = (
			);
			runOnlyForDeploymentPostprocessing = 0;
		};
/* End PBXResourcesBuildPhase section */

/* Begin PBXShellScriptBuildPhase section */
		1A5F0A6FADF5AB2BFD95844A /* [CP] Embed Pods Frameworks */ = {
			isa = PBXShellScriptBuildPhase;
			buildActionMask = 2147483647;
			files = (
			);
			inputFileListPaths = (
				"${PODS_ROOT}/Target Support Files/Pods-EmbeddedFramework/Pods-EmbeddedFramework-frameworks-${CONFIGURATION}-input-files.xcfilelist",
			);
			name = "[CP] Embed Pods Frameworks";
			outputFileListPaths = (
				"${PODS_ROOT}/Target Support Files/Pods-EmbeddedFramework/Pods-EmbeddedFramework-frameworks-${CONFIGURATION}-output-files.xcfilelist",
			);
			runOnlyForDeploymentPostprocessing = 0;
			shellPath = /bin/sh;
			shellScript = "\"${PODS_ROOT}/Target Support Files/Pods-EmbeddedFramework/Pods-EmbeddedFramework-frameworks.sh\"\n";
			showEnvVarsInLog = 0;
		};
		6104CA3E7B96EB658DC7C88E /* [CP] Check Pods Manifest.lock */ = {
			isa = PBXShellScriptBuildPhase;
			buildActionMask = 2147483647;
			files = (
			);
			inputFileListPaths = (
			);
			inputPaths = (
				"${PODS_PODFILE_DIR_PATH}/Podfile.lock",
				"${PODS_ROOT}/Manifest.lock",
			);
			name = "[CP] Check Pods Manifest.lock";
			outputFileListPaths = (
			);
			outputPaths = (
				"$(DERIVED_FILE_DIR)/Pods-EmbeddedFramework-checkManifestLockResult.txt",
			);
			runOnlyForDeploymentPostprocessing = 0;
			shellPath = /bin/sh;
			shellScript = "diff \"${PODS_PODFILE_DIR_PATH}/Podfile.lock\" \"${PODS_ROOT}/Manifest.lock\" > /dev/null\nif [ $? != 0 ] ; then\n    # print error to STDERR\n    echo \"error: The sandbox is not in sync with the Podfile.lock. Run 'pod install' or update your CocoaPods installation.\" >&2\n    exit 1\nfi\n# This output is used by Xcode 'outputs' to avoid re-running this script phase.\necho \"SUCCESS\" > \"${SCRIPT_OUTPUT_FILE_0}\"\n";
			showEnvVarsInLog = 0;
		};
		63C03DAC8FF4998907E586BC /* [CP] Check Pods Manifest.lock */ = {
			isa = PBXShellScriptBuildPhase;
			buildActionMask = 2147483647;
			files = (
			);
			inputFileListPaths = (
			);
			inputPaths = (
				"${PODS_PODFILE_DIR_PATH}/Podfile.lock",
				"${PODS_ROOT}/Manifest.lock",
			);
			name = "[CP] Check Pods Manifest.lock";
			outputFileListPaths = (
			);
			outputPaths = (
				"$(DERIVED_FILE_DIR)/Pods-EmbeddedFramework-Logger-checkManifestLockResult.txt",
			);
			runOnlyForDeploymentPostprocessing = 0;
			shellPath = /bin/sh;
			shellScript = "diff \"${PODS_PODFILE_DIR_PATH}/Podfile.lock\" \"${PODS_ROOT}/Manifest.lock\" > /dev/null\nif [ $? != 0 ] ; then\n    # print error to STDERR\n    echo \"error: The sandbox is not in sync with the Podfile.lock. Run 'pod install' or update your CocoaPods installation.\" >&2\n    exit 1\nfi\n# This output is used by Xcode 'outputs' to avoid re-running this script phase.\necho \"SUCCESS\" > \"${SCRIPT_OUTPUT_FILE_0}\"\n";
			showEnvVarsInLog = 0;
		};
		7DB9460F6B3A18E652F0D479 /* [CP] Embed Pods Frameworks */ = {
			isa = PBXShellScriptBuildPhase;
			buildActionMask = 2147483647;
			files = (
			);
			inputFileListPaths = (
				"${PODS_ROOT}/Target Support Files/Pods-EmbeddedFramework-EmbeddedFrameworkUITests/Pods-EmbeddedFramework-EmbeddedFrameworkUITests-frameworks-${CONFIGURATION}-input-files.xcfilelist",
			);
			name = "[CP] Embed Pods Frameworks";
			outputFileListPaths = (
				"${PODS_ROOT}/Target Support Files/Pods-EmbeddedFramework-EmbeddedFrameworkUITests/Pods-EmbeddedFramework-EmbeddedFrameworkUITests-frameworks-${CONFIGURATION}-output-files.xcfilelist",
			);
			runOnlyForDeploymentPostprocessing = 0;
			shellPath = /bin/sh;
			shellScript = "\"${PODS_ROOT}/Target Support Files/Pods-EmbeddedFramework-EmbeddedFrameworkUITests/Pods-EmbeddedFramework-EmbeddedFrameworkUITests-frameworks.sh\"\n";
			showEnvVarsInLog = 0;
		};
		E0B226B20BC5CCAAC0B85967 /* [CP] Check Pods Manifest.lock */ = {
			isa = PBXShellScriptBuildPhase;
			buildActionMask = 2147483647;
			files = (
			);
			inputFileListPaths = (
			);
			inputPaths = (
				"${PODS_PODFILE_DIR_PATH}/Podfile.lock",
				"${PODS_ROOT}/Manifest.lock",
			);
			name = "[CP] Check Pods Manifest.lock";
			outputFileListPaths = (
			);
			outputPaths = (
				"$(DERIVED_FILE_DIR)/Pods-EmbeddedFramework-EmbeddedFrameworkUITests-checkManifestLockResult.txt",
			);
			runOnlyForDeploymentPostprocessing = 0;
			shellPath = /bin/sh;
			shellScript = "diff \"${PODS_PODFILE_DIR_PATH}/Podfile.lock\" \"${PODS_ROOT}/Manifest.lock\" > /dev/null\nif [ $? != 0 ] ; then\n    # print error to STDERR\n    echo \"error: The sandbox is not in sync with the Podfile.lock. Run 'pod install' or update your CocoaPods installation.\" >&2\n    exit 1\nfi\n# This output is used by Xcode 'outputs' to avoid re-running this script phase.\necho \"SUCCESS\" > \"${SCRIPT_OUTPUT_FILE_0}\"\n";
			showEnvVarsInLog = 0;
		};
		FB77BE419835214AB841F511 /* [CP] Check Pods Manifest.lock */ = {
			isa = PBXShellScriptBuildPhase;
			buildActionMask = 2147483647;
			files = (
			);
			inputFileListPaths = (
			);
			inputPaths = (
				"${PODS_PODFILE_DIR_PATH}/Podfile.lock",
				"${PODS_ROOT}/Manifest.lock",
			);
			name = "[CP] Check Pods Manifest.lock";
			outputFileListPaths = (
			);
			outputPaths = (
				"$(DERIVED_FILE_DIR)/Pods-EmbeddedFrameworkTests-checkManifestLockResult.txt",
			);
			runOnlyForDeploymentPostprocessing = 0;
			shellPath = /bin/sh;
			shellScript = "diff \"${PODS_PODFILE_DIR_PATH}/Podfile.lock\" \"${PODS_ROOT}/Manifest.lock\" > /dev/null\nif [ $? != 0 ] ; then\n    # print error to STDERR\n    echo \"error: The sandbox is not in sync with the Podfile.lock. Run 'pod install' or update your CocoaPods installation.\" >&2\n    exit 1\nfi\n# This output is used by Xcode 'outputs' to avoid re-running this script phase.\necho \"SUCCESS\" > \"${SCRIPT_OUTPUT_FILE_0}\"\n";
			showEnvVarsInLog = 0;
		};
/* End PBXShellScriptBuildPhase section */

/* Begin PBXSourcesBuildPhase section */
		9D35F94D24AE1E8400ED3B79 /* Sources */ = {
			isa = PBXSourcesBuildPhase;
			buildActionMask = 2147483647;
			files = (
				9D35F95624AE1E8400ED3B79 /* AppDelegate.m in Sources */,
				9D35F96724AE1E8500ED3B79 /* main.m in Sources */,
				9D3C04D024AE20880004A27E /* ViewController.m in Sources */,
				9D35F95924AE1E8400ED3B79 /* SceneDelegate.m in Sources */,
			);
			runOnlyForDeploymentPostprocessing = 0;
		};
		9D35F96824AE1E8600ED3B79 /* Sources */ = {
			isa = PBXSourcesBuildPhase;
			buildActionMask = 2147483647;
			files = (
				9D35F97124AE1E8600ED3B79 /* EmbeddedFrameworkTests.m in Sources */,
			);
			runOnlyForDeploymentPostprocessing = 0;
		};
		9D35F97324AE1E8600ED3B79 /* Sources */ = {
			isa = PBXSourcesBuildPhase;
			buildActionMask = 2147483647;
			files = (
				9D35F97C24AE1E8600ED3B79 /* EmbeddedFrameworkUITests.m in Sources */,
			);
			runOnlyForDeploymentPostprocessing = 0;
		};
		9D3C04D324AE22690004A27E /* Sources */ = {
			isa = PBXSourcesBuildPhase;
			buildActionMask = 2147483647;
			files = (
				9D3C04FC24AE24CE0004A27E /* LoggerSample2.swift in Sources */,
				9D3C04F824AE22AD0004A27E /* LoggerSample.m in Sources */,
			);
			runOnlyForDeploymentPostprocessing = 0;
		};
		9D3C04DB24AE22690004A27E /* Sources */ = {
			isa = PBXSourcesBuildPhase;
			buildActionMask = 2147483647;
			files = (
				9D3C04E724AE22690004A27E /* LoggerTests.m in Sources */,
			);
			runOnlyForDeploymentPostprocessing = 0;
		};
/* End PBXSourcesBuildPhase section */

/* Begin PBXTargetDependency section */
		9D35F96E24AE1E8600ED3B79 /* PBXTargetDependency */ = {
			isa = PBXTargetDependency;
			target = 9D35F95024AE1E8400ED3B79 /* EmbeddedFramework */;
			targetProxy = 9D35F96D24AE1E8600ED3B79 /* PBXContainerItemProxy */;
		};
		9D35F97924AE1E8600ED3B79 /* PBXTargetDependency */ = {
			isa = PBXTargetDependency;
			target = 9D35F95024AE1E8400ED3B79 /* EmbeddedFramework */;
			targetProxy = 9D35F97824AE1E8600ED3B79 /* PBXContainerItemProxy */;
		};
		9D3C04E224AE22690004A27E /* PBXTargetDependency */ = {
			isa = PBXTargetDependency;
			target = 9D3C04D624AE22690004A27E /* Logger */;
			targetProxy = 9D3C04E124AE22690004A27E /* PBXContainerItemProxy */;
		};
		9D3C04E424AE22690004A27E /* PBXTargetDependency */ = {
			isa = PBXTargetDependency;
			target = 9D35F95024AE1E8400ED3B79 /* EmbeddedFramework */;
			targetProxy = 9D3C04E324AE22690004A27E /* PBXContainerItemProxy */;
		};
		9D3C04EB24AE22690004A27E /* PBXTargetDependency */ = {
			isa = PBXTargetDependency;
			target = 9D3C04D624AE22690004A27E /* Logger */;
			targetProxy = 9D3C04EA24AE22690004A27E /* PBXContainerItemProxy */;
		};
/* End PBXTargetDependency section */

/* Begin PBXVariantGroup section */
		9D35F95D24AE1E8400ED3B79 /* Main.storyboard */ = {
			isa = PBXVariantGroup;
			children = (
				9D35F95E24AE1E8400ED3B79 /* Base */,
			);
			name = Main.storyboard;
			sourceTree = "<group>";
		};
		9D35F96224AE1E8500ED3B79 /* LaunchScreen.storyboard */ = {
			isa = PBXVariantGroup;
			children = (
				9D35F96324AE1E8500ED3B79 /* Base */,
			);
			name = LaunchScreen.storyboard;
			sourceTree = "<group>";
		};
/* End PBXVariantGroup section */

/* Begin XCBuildConfiguration section */
		9D35F97E24AE1E8600ED3B79 /* Debug */ = {
			isa = XCBuildConfiguration;
			buildSettings = {
				ALWAYS_SEARCH_USER_PATHS = NO;
				CLANG_ANALYZER_NONNULL = YES;
				CLANG_ANALYZER_NUMBER_OBJECT_CONVERSION = YES_AGGRESSIVE;
				CLANG_CXX_LANGUAGE_STANDARD = "gnu++14";
				CLANG_CXX_LIBRARY = "libc++";
				CLANG_ENABLE_MODULES = YES;
				CLANG_ENABLE_OBJC_ARC = YES;
				CLANG_ENABLE_OBJC_WEAK = YES;
				CLANG_WARN_BLOCK_CAPTURE_AUTORELEASING = YES;
				CLANG_WARN_BOOL_CONVERSION = YES;
				CLANG_WARN_COMMA = YES;
				CLANG_WARN_CONSTANT_CONVERSION = YES;
				CLANG_WARN_DEPRECATED_OBJC_IMPLEMENTATIONS = YES;
				CLANG_WARN_DIRECT_OBJC_ISA_USAGE = YES_ERROR;
				CLANG_WARN_DOCUMENTATION_COMMENTS = YES;
				CLANG_WARN_EMPTY_BODY = YES;
				CLANG_WARN_ENUM_CONVERSION = YES;
				CLANG_WARN_INFINITE_RECURSION = YES;
				CLANG_WARN_INT_CONVERSION = YES;
				CLANG_WARN_NON_LITERAL_NULL_CONVERSION = YES;
				CLANG_WARN_OBJC_IMPLICIT_RETAIN_SELF = YES;
				CLANG_WARN_OBJC_LITERAL_CONVERSION = YES;
				CLANG_WARN_OBJC_ROOT_CLASS = YES_ERROR;
				CLANG_WARN_RANGE_LOOP_ANALYSIS = YES;
				CLANG_WARN_STRICT_PROTOTYPES = YES;
				CLANG_WARN_SUSPICIOUS_MOVE = YES;
				CLANG_WARN_UNGUARDED_AVAILABILITY = YES_AGGRESSIVE;
				CLANG_WARN_UNREACHABLE_CODE = YES;
				CLANG_WARN__DUPLICATE_METHOD_MATCH = YES;
				COPY_PHASE_STRIP = NO;
				DEBUG_INFORMATION_FORMAT = dwarf;
				ENABLE_STRICT_OBJC_MSGSEND = YES;
				ENABLE_TESTABILITY = YES;
				GCC_C_LANGUAGE_STANDARD = gnu11;
				GCC_DYNAMIC_NO_PIC = NO;
				GCC_NO_COMMON_BLOCKS = YES;
				GCC_OPTIMIZATION_LEVEL = 0;
				GCC_PREPROCESSOR_DEFINITIONS = (
					"DEBUG=1",
					"$(inherited)",
				);
				GCC_WARN_64_TO_32_BIT_CONVERSION = YES;
				GCC_WARN_ABOUT_RETURN_TYPE = YES_ERROR;
				GCC_WARN_UNDECLARED_SELECTOR = YES;
				GCC_WARN_UNINITIALIZED_AUTOS = YES_AGGRESSIVE;
				GCC_WARN_UNUSED_FUNCTION = YES;
				GCC_WARN_UNUSED_VARIABLE = YES;
				IPHONEOS_DEPLOYMENT_TARGET = 13.4;
				MTL_ENABLE_DEBUG_INFO = INCLUDE_SOURCE;
				MTL_FAST_MATH = YES;
				ONLY_ACTIVE_ARCH = YES;
				SDKROOT = iphoneos;
			};
			name = Debug;
		};
		9D35F97F24AE1E8600ED3B79 /* Release */ = {
			isa = XCBuildConfiguration;
			buildSettings = {
				ALWAYS_SEARCH_USER_PATHS = NO;
				CLANG_ANALYZER_NONNULL = YES;
				CLANG_ANALYZER_NUMBER_OBJECT_CONVERSION = YES_AGGRESSIVE;
				CLANG_CXX_LANGUAGE_STANDARD = "gnu++14";
				CLANG_CXX_LIBRARY = "libc++";
				CLANG_ENABLE_MODULES = YES;
				CLANG_ENABLE_OBJC_ARC = YES;
				CLANG_ENABLE_OBJC_WEAK = YES;
				CLANG_WARN_BLOCK_CAPTURE_AUTORELEASING = YES;
				CLANG_WARN_BOOL_CONVERSION = YES;
				CLANG_WARN_COMMA = YES;
				CLANG_WARN_CONSTANT_CONVERSION = YES;
				CLANG_WARN_DEPRECATED_OBJC_IMPLEMENTATIONS = YES;
				CLANG_WARN_DIRECT_OBJC_ISA_USAGE = YES_ERROR;
				CLANG_WARN_DOCUMENTATION_COMMENTS = YES;
				CLANG_WARN_EMPTY_BODY = YES;
				CLANG_WARN_ENUM_CONVERSION = YES;
				CLANG_WARN_INFINITE_RECURSION = YES;
				CLANG_WARN_INT_CONVERSION = YES;
				CLANG_WARN_NON_LITERAL_NULL_CONVERSION = YES;
				CLANG_WARN_OBJC_IMPLICIT_RETAIN_SELF = YES;
				CLANG_WARN_OBJC_LITERAL_CONVERSION = YES;
				CLANG_WARN_OBJC_ROOT_CLASS = YES_ERROR;
				CLANG_WARN_RANGE_LOOP_ANALYSIS = YES;
				CLANG_WARN_STRICT_PROTOTYPES = YES;
				CLANG_WARN_SUSPICIOUS_MOVE = YES;
				CLANG_WARN_UNGUARDED_AVAILABILITY = YES_AGGRESSIVE;
				CLANG_WARN_UNREACHABLE_CODE = YES;
				CLANG_WARN__DUPLICATE_METHOD_MATCH = YES;
				COPY_PHASE_STRIP = NO;
				DEBUG_INFORMATION_FORMAT = "dwarf-with-dsym";
				ENABLE_NS_ASSERTIONS = NO;
				ENABLE_STRICT_OBJC_MSGSEND = YES;
				GCC_C_LANGUAGE_STANDARD = gnu11;
				GCC_NO_COMMON_BLOCKS = YES;
				GCC_WARN_64_TO_32_BIT_CONVERSION = YES;
				GCC_WARN_ABOUT_RETURN_TYPE = YES_ERROR;
				GCC_WARN_UNDECLARED_SELECTOR = YES;
				GCC_WARN_UNINITIALIZED_AUTOS = YES_AGGRESSIVE;
				GCC_WARN_UNUSED_FUNCTION = YES;
				GCC_WARN_UNUSED_VARIABLE = YES;
				IPHONEOS_DEPLOYMENT_TARGET = 13.4;
				MTL_ENABLE_DEBUG_INFO = NO;
				MTL_FAST_MATH = YES;
				SDKROOT = iphoneos;
				VALIDATE_PRODUCT = YES;
			};
			name = Release;
		};
		9D35F98124AE1E8600ED3B79 /* Debug */ = {
			isa = XCBuildConfiguration;
			baseConfigurationReference = 8B3E3789E60617E32653E8C7 /* Pods-EmbeddedFramework.debug.xcconfig */;
			buildSettings = {
				ALWAYS_EMBED_SWIFT_STANDARD_LIBRARIES = YES;
				ASSETCATALOG_COMPILER_APPICON_NAME = AppIcon;
				CODE_SIGN_STYLE = Automatic;
				DEVELOPMENT_TEAM = Y7SY9GK7D2;
				INFOPLIST_FILE = EmbeddedFramework/Info.plist;
				LD_RUNPATH_SEARCH_PATHS = (
					"$(inherited)",
					"@executable_path/Frameworks",
				);
				PRODUCT_BUNDLE_IDENTIFIER = valmet.EmbeddedFramework;
				PRODUCT_NAME = "$(TARGET_NAME)";
				TARGETED_DEVICE_FAMILY = "1,2";
			};
			name = Debug;
		};
		9D35F98224AE1E8600ED3B79 /* Release */ = {
			isa = XCBuildConfiguration;
			baseConfigurationReference = 4D945549D1531F08320D11FE /* Pods-EmbeddedFramework.release.xcconfig */;
			buildSettings = {
				ALWAYS_EMBED_SWIFT_STANDARD_LIBRARIES = YES;
				ASSETCATALOG_COMPILER_APPICON_NAME = AppIcon;
				CODE_SIGN_STYLE = Automatic;
				DEVELOPMENT_TEAM = Y7SY9GK7D2;
				INFOPLIST_FILE = EmbeddedFramework/Info.plist;
				LD_RUNPATH_SEARCH_PATHS = (
					"$(inherited)",
					"@executable_path/Frameworks",
				);
				PRODUCT_BUNDLE_IDENTIFIER = valmet.EmbeddedFramework;
				PRODUCT_NAME = "$(TARGET_NAME)";
				TARGETED_DEVICE_FAMILY = "1,2";
			};
			name = Release;
		};
		9D35F98424AE1E8600ED3B79 /* Debug */ = {
			isa = XCBuildConfiguration;
			baseConfigurationReference = 4F5EC26BF7CAFE6BC3BE1CC7 /* Pods-EmbeddedFrameworkTests.debug.xcconfig */;
			buildSettings = {
				BUNDLE_LOADER = "$(TEST_HOST)";
				CODE_SIGN_STYLE = Automatic;
				DEVELOPMENT_TEAM = Y7SY9GK7D2;
				INFOPLIST_FILE = EmbeddedFrameworkTests/Info.plist;
				IPHONEOS_DEPLOYMENT_TARGET = 13.4;
				LD_RUNPATH_SEARCH_PATHS = (
					"$(inherited)",
					"@executable_path/Frameworks",
					"@loader_path/Frameworks",
				);
				PRODUCT_BUNDLE_IDENTIFIER = valmet.EmbeddedFrameworkTests;
				PRODUCT_NAME = "$(TARGET_NAME)";
				TARGETED_DEVICE_FAMILY = "1,2";
				TEST_HOST = "$(BUILT_PRODUCTS_DIR)/EmbeddedFramework.app/EmbeddedFramework";
			};
			name = Debug;
		};
		9D35F98524AE1E8600ED3B79 /* Release */ = {
			isa = XCBuildConfiguration;
			baseConfigurationReference = B55EAEAC80D9A45B0B55292C /* Pods-EmbeddedFrameworkTests.release.xcconfig */;
			buildSettings = {
				BUNDLE_LOADER = "$(TEST_HOST)";
				CODE_SIGN_STYLE = Automatic;
				DEVELOPMENT_TEAM = Y7SY9GK7D2;
				INFOPLIST_FILE = EmbeddedFrameworkTests/Info.plist;
				IPHONEOS_DEPLOYMENT_TARGET = 13.4;
				LD_RUNPATH_SEARCH_PATHS = (
					"$(inherited)",
					"@executable_path/Frameworks",
					"@loader_path/Frameworks",
				);
				PRODUCT_BUNDLE_IDENTIFIER = valmet.EmbeddedFrameworkTests;
				PRODUCT_NAME = "$(TARGET_NAME)";
				TARGETED_DEVICE_FAMILY = "1,2";
				TEST_HOST = "$(BUILT_PRODUCTS_DIR)/EmbeddedFramework.app/EmbeddedFramework";
			};
			name = Release;
		};
		9D35F98724AE1E8600ED3B79 /* Debug */ = {
			isa = XCBuildConfiguration;
			baseConfigurationReference = 1A2089FDF29C878ED2B0AD10 /* Pods-EmbeddedFramework-EmbeddedFrameworkUITests.debug.xcconfig */;
			buildSettings = {
				CODE_SIGN_STYLE = Automatic;
				DEVELOPMENT_TEAM = Y7SY9GK7D2;
				INFOPLIST_FILE = EmbeddedFrameworkUITests/Info.plist;
				LD_RUNPATH_SEARCH_PATHS = (
					"$(inherited)",
					"@executable_path/Frameworks",
					"@loader_path/Frameworks",
				);
				PRODUCT_BUNDLE_IDENTIFIER = valmet.EmbeddedFrameworkUITests;
				PRODUCT_NAME = "$(TARGET_NAME)";
				TARGETED_DEVICE_FAMILY = "1,2";
				TEST_TARGET_NAME = EmbeddedFramework;
			};
			name = Debug;
		};
		9D35F98824AE1E8600ED3B79 /* Release */ = {
			isa = XCBuildConfiguration;
			baseConfigurationReference = 0ADD148AD53F8B1C904DA2FA /* Pods-EmbeddedFramework-EmbeddedFrameworkUITests.release.xcconfig */;
			buildSettings = {
				CODE_SIGN_STYLE = Automatic;
				DEVELOPMENT_TEAM = Y7SY9GK7D2;
				INFOPLIST_FILE = EmbeddedFrameworkUITests/Info.plist;
				LD_RUNPATH_SEARCH_PATHS = (
					"$(inherited)",
					"@executable_path/Frameworks",
					"@loader_path/Frameworks",
				);
				PRODUCT_BUNDLE_IDENTIFIER = valmet.EmbeddedFrameworkUITests;
				PRODUCT_NAME = "$(TARGET_NAME)";
				TARGETED_DEVICE_FAMILY = "1,2";
				TEST_TARGET_NAME = EmbeddedFramework;
			};
			name = Release;
		};
		9D3C04EF24AE22690004A27E /* Debug */ = {
			isa = XCBuildConfiguration;
			baseConfigurationReference = 14351F4650778D1A07B8488B /* Pods-EmbeddedFramework-Logger.debug.xcconfig */;
			buildSettings = {
				CLANG_ENABLE_MODULES = YES;
				CODE_SIGN_STYLE = Automatic;
				CURRENT_PROJECT_VERSION = 1;
				DEFINES_MODULE = YES;
				DEVELOPMENT_TEAM = Y7SY9GK7D2;
				DYLIB_COMPATIBILITY_VERSION = 1;
				DYLIB_CURRENT_VERSION = 1;
				DYLIB_INSTALL_NAME_BASE = "@rpath";
				INFOPLIST_FILE = Logger/Info.plist;
				INSTALL_PATH = "$(LOCAL_LIBRARY_DIR)/Frameworks";
				LD_RUNPATH_SEARCH_PATHS = (
					"$(inherited)",
					"@executable_path/Frameworks",
					"@loader_path/Frameworks",
				);
				PRODUCT_BUNDLE_IDENTIFIER = valmet.Logger;
				PRODUCT_NAME = "$(TARGET_NAME:c99extidentifier)";
				SKIP_INSTALL = YES;
				SWIFT_OPTIMIZATION_LEVEL = "-Onone";
				SWIFT_VERSION = 5.0;
				TARGETED_DEVICE_FAMILY = "1,2";
				VERSIONING_SYSTEM = "apple-generic";
				VERSION_INFO_PREFIX = "";
			};
			name = Debug;
		};
		9D3C04F024AE22690004A27E /* Release */ = {
			isa = XCBuildConfiguration;
			baseConfigurationReference = FF5BDC0AA3F200B44DBE1436 /* Pods-EmbeddedFramework-Logger.release.xcconfig */;
			buildSettings = {
				CLANG_ENABLE_MODULES = YES;
				CODE_SIGN_STYLE = Automatic;
				CURRENT_PROJECT_VERSION = 1;
				DEFINES_MODULE = YES;
				DEVELOPMENT_TEAM = Y7SY9GK7D2;
				DYLIB_COMPATIBILITY_VERSION = 1;
				DYLIB_CURRENT_VERSION = 1;
				DYLIB_INSTALL_NAME_BASE = "@rpath";
				INFOPLIST_FILE = Logger/Info.plist;
				INSTALL_PATH = "$(LOCAL_LIBRARY_DIR)/Frameworks";
				LD_RUNPATH_SEARCH_PATHS = (
					"$(inherited)",
					"@executable_path/Frameworks",
					"@loader_path/Frameworks",
				);
				PRODUCT_BUNDLE_IDENTIFIER = valmet.Logger;
				PRODUCT_NAME = "$(TARGET_NAME:c99extidentifier)";
				SKIP_INSTALL = YES;
				SWIFT_VERSION = 5.0;
				TARGETED_DEVICE_FAMILY = "1,2";
				VERSIONING_SYSTEM = "apple-generic";
				VERSION_INFO_PREFIX = "";
			};
			name = Release;
		};
		9D3C04F324AE22690004A27E /* Debug */ = {
			isa = XCBuildConfiguration;
			buildSettings = {
				ALWAYS_EMBED_SWIFT_STANDARD_LIBRARIES = YES;
				CODE_SIGN_STYLE = Automatic;
				DEVELOPMENT_TEAM = Y7SY9GK7D2;
				INFOPLIST_FILE = LoggerTests/Info.plist;
				LD_RUNPATH_SEARCH_PATHS = (
					"$(inherited)",
					"@executable_path/Frameworks",
					"@loader_path/Frameworks",
				);
				PRODUCT_BUNDLE_IDENTIFIER = valmet.LoggerTests;
				PRODUCT_NAME = "$(TARGET_NAME)";
				TARGETED_DEVICE_FAMILY = "1,2";
				TEST_HOST = "$(BUILT_PRODUCTS_DIR)/EmbeddedFramework.app/EmbeddedFramework";
			};
			name = Debug;
		};
		9D3C04F424AE22690004A27E /* Release */ = {
			isa = XCBuildConfiguration;
			buildSettings = {
				ALWAYS_EMBED_SWIFT_STANDARD_LIBRARIES = YES;
				CODE_SIGN_STYLE = Automatic;
				DEVELOPMENT_TEAM = Y7SY9GK7D2;
				INFOPLIST_FILE = LoggerTests/Info.plist;
				LD_RUNPATH_SEARCH_PATHS = (
					"$(inherited)",
					"@executable_path/Frameworks",
					"@loader_path/Frameworks",
				);
				PRODUCT_BUNDLE_IDENTIFIER = valmet.LoggerTests;
				PRODUCT_NAME = "$(TARGET_NAME)";
				TARGETED_DEVICE_FAMILY = "1,2";
				TEST_HOST = "$(BUILT_PRODUCTS_DIR)/EmbeddedFramework.app/EmbeddedFramework";
			};
			name = Release;
		};
/* End XCBuildConfiguration section */

/* Begin XCConfigurationList section */
		9D35F94C24AE1E8400ED3B79 /* Build configuration list for PBXProject "EmbeddedFramework" */ = {
			isa = XCConfigurationList;
			buildConfigurations = (
				9D35F97E24AE1E8600ED3B79 /* Debug */,
				9D35F97F24AE1E8600ED3B79 /* Release */,
			);
			defaultConfigurationIsVisible = 0;
			defaultConfigurationName = Release;
		};
		9D35F98024AE1E8600ED3B79 /* Build configuration list for PBXNativeTarget "EmbeddedFramework" */ = {
			isa = XCConfigurationList;
			buildConfigurations = (
				9D35F98124AE1E8600ED3B79 /* Debug */,
				9D35F98224AE1E8600ED3B79 /* Release */,
			);
			defaultConfigurationIsVisible = 0;
			defaultConfigurationName = Release;
		};
		9D35F98324AE1E8600ED3B79 /* Build configuration list for PBXNativeTarget "EmbeddedFrameworkTests" */ = {
			isa = XCConfigurationList;
			buildConfigurations = (
				9D35F98424AE1E8600ED3B79 /* Debug */,
				9D35F98524AE1E8600ED3B79 /* Release */,
			);
			defaultConfigurationIsVisible = 0;
			defaultConfigurationName = Release;
		};
		9D35F98624AE1E8600ED3B79 /* Build configuration list for PBXNativeTarget "EmbeddedFrameworkUITests" */ = {
			isa = XCConfigurationList;
			buildConfigurations = (
				9D35F98724AE1E8600ED3B79 /* Debug */,
				9D35F98824AE1E8600ED3B79 /* Release */,
			);
			defaultConfigurationIsVisible = 0;
			defaultConfigurationName = Release;
		};
		9D3C04EE24AE22690004A27E /* Build configuration list for PBXNativeTarget "Logger" */ = {
			isa = XCConfigurationList;
			buildConfigurations = (
				9D3C04EF24AE22690004A27E /* Debug */,
				9D3C04F024AE22690004A27E /* Release */,
			);
			defaultConfigurationIsVisible = 0;
			defaultConfigurationName = Release;
		};
		9D3C04F224AE22690004A27E /* Build configuration list for PBXNativeTarget "LoggerTests" */ = {
			isa = XCConfigurationList;
			buildConfigurations = (
				9D3C04F324AE22690004A27E /* Debug */,
				9D3C04F424AE22690004A27E /* Release */,
			);
			defaultConfigurationIsVisible = 0;
			defaultConfigurationName = Release;
		};
/* End XCConfigurationList section */
	};
	rootObject = 9D35F94924AE1E8400ED3B79 /* Project object */;
}
